PODS:
  - KeychainSwift (19.0.0)
  - Toast-Swift (5.0.1)

DEPENDENCIES:
  - KeychainSwift
  - Toast-Swift (~> 5.0.0)

SPEC REPOS:
  trunk:
    - KeychainSwift
    - Toast-Swift

SPEC CHECKSUMS:
  KeychainSwift: a06190cf933ad46b1e0abc3d77d29c06331715c7
  Toast-Swift: 9b6a70f28b3bf0b96c40d46c0c4b9d6639846711

PODFILE CHECKSUM: f99a1b8da55090c01406e0c604745ee652440545

COCOAPODS: 1.8.4
