// !$*UTF8*$!
{
	archiveVersion = 1;
	classes = {
	};
	objectVersion = 50;
	objects = {

/* Begin PBXBuildFile section */
		02502650243D76CC006BB91E /* AppDelegate.swift in Sources */ = {isa = PBXBuildFile; fileRef = 0250264F243D76CC006BB91E /* AppDelegate.swift */; };
		02502652243D76CC006BB91E /* SceneDelegate.swift in Sources */ = {isa = PBXBuildFile; fileRef = 02502651243D76CC006BB91E /* SceneDelegate.swift */; };
		02502654243D76CC006BB91E /* ViewController.swift in Sources */ = {isa = PBXBuildFile; fileRef = 02502653243D76CC006BB91E /* ViewController.swift */; };
		02502657243D76CC006BB91E /* Main.storyboard in Resources */ = {isa = PBXBuildFile; fileRef = 02502655243D76CC006BB91E /* Main.storyboard */; };
		0250265A243D76CC006BB91E /* Audit_House.xcdatamodeld in Sources */ = {isa = PBXBuildFile; fileRef = 02502658243D76CC006BB91E /* Audit_House.xcdatamodeld */; };
		0250265C243D76CD006BB91E /* Assets.xcassets in Resources */ = {isa = PBXBuildFile; fileRef = 0250265B243D76CD006BB91E /* Assets.xcassets */; };
		0250265F243D76CD006BB91E /* LaunchScreen.storyboard in Resources */ = {isa = PBXBuildFile; fileRef = 0250265D243D76CD006BB91E /* LaunchScreen.storyboard */; };
		02502667243D7A0B006BB91E /* TextFieldView.swift in Sources */ = {isa = PBXBuildFile; fileRef = 02502666243D7A0B006BB91E /* TextFieldView.swift */; };
		02502669243D7C88006BB91E /* Constants.swift in Sources */ = {isa = PBXBuildFile; fileRef = 02502668243D7C88006BB91E /* Constants.swift */; };
		0250266B243D9CE0006BB91E /* CheckBox.swift in Sources */ = {isa = PBXBuildFile; fileRef = 0250266A243D9CE0006BB91E /* CheckBox.swift */; };
		0250266F243DB0E3006BB91E /* UIViewController+Extensions.swift in Sources */ = {isa = PBXBuildFile; fileRef = 0250266E243DB0E3006BB91E /* UIViewController+Extensions.swift */; };
		02502672243DD7CA006BB91E /* ReviewMessageVC.swift in Sources */ = {isa = PBXBuildFile; fileRef = 02502671243DD7CA006BB91E /* ReviewMessageVC.swift */; };
		02502674243DE030006BB91E /* HomeVC.swift in Sources */ = {isa = PBXBuildFile; fileRef = 02502673243DE030006BB91E /* HomeVC.swift */; };
		02502676243DE6BA006BB91E /* BadgeButton.swift in Sources */ = {isa = PBXBuildFile; fileRef = 02502675243DE6BA006BB91E /* BadgeButton.swift */; };
/* End PBXBuildFile section */

/* Begin PBXFileReference section */
		0250264C243D76CC006BB91E /* Audit House.app */ = {isa = PBXFileReference; explicitFileType = wrapper.application; includeInIndex = 0; path = "Audit House.app"; sourceTree = BUILT_PRODUCTS_DIR; };
		0250264F243D76CC006BB91E /* AppDelegate.swift */ = {isa = PBXFileReference; lastKnownFileType = sourcecode.swift; path = AppDelegate.swift; sourceTree = "<group>"; };
		02502651243D76CC006BB91E /* SceneDelegate.swift */ = {isa = PBXFileReference; lastKnownFileType = sourcecode.swift; path = SceneDelegate.swift; sourceTree = "<group>"; };
		02502653243D76CC006BB91E /* ViewController.swift */ = {isa = PBXFileReference; lastKnownFileType = sourcecode.swift; path = ViewController.swift; sourceTree = "<group>"; };
		02502656243D76CC006BB91E /* Base */ = {isa = PBXFileReference; lastKnownFileType = file.storyboard; name = Base; path = Base.lproj/Main.storyboard; sourceTree = "<group>"; };
		02502659243D76CC006BB91E /* Audit_House.xcdatamodel */ = {isa = PBXFileReference; lastKnownFileType = wrapper.xcdatamodel; path = Audit_House.xcdatamodel; sourceTree = "<group>"; };
		0250265B243D76CD006BB91E /* Assets.xcassets */ = {isa = PBXFileReference; lastKnownFileType = folder.assetcatalog; path = Assets.xcassets; sourceTree = "<group>"; };
		0250265E243D76CD006BB91E /* Base */ = {isa = PBXFileReference; lastKnownFileType = file.storyboard; name = Base; path = Base.lproj/LaunchScreen.storyboard; sourceTree = "<group>"; };
		02502660243D76CD006BB91E /* Info.plist */ = {isa = PBXFileReference; lastKnownFileType = text.plist.xml; path = Info.plist; sourceTree = "<group>"; };
		02502666243D7A0B006BB91E /* TextFieldView.swift */ = {isa = PBXFileReference; lastKnownFileType = sourcecode.swift; path = TextFieldView.swift; sourceTree = "<group>"; };
		02502668243D7C88006BB91E /* Constants.swift */ = {isa = PBXFileReference; lastKnownFileType = sourcecode.swift; path = Constants.swift; sourceTree = "<group>"; };
		0250266A243D9CE0006BB91E /* CheckBox.swift */ = {isa = PBXFileReference; lastKnownFileType = sourcecode.swift; path = CheckBox.swift; sourceTree = "<group>"; };
		0250266E243DB0E3006BB91E /* UIViewController+Extensions.swift */ = {isa = PBXFileReference; lastKnownFileType = sourcecode.swift; path = "UIViewController+Extensions.swift"; sourceTree = "<group>"; };
		02502671243DD7CA006BB91E /* ReviewMessageVC.swift */ = {isa = PBXFileReference; lastKnownFileType = sourcecode.swift; path = ReviewMessageVC.swift; sourceTree = "<group>"; };
		02502673243DE030006BB91E /* HomeVC.swift */ = {isa = PBXFileReference; lastKnownFileType = sourcecode.swift; path = HomeVC.swift; sourceTree = "<group>"; };
		02502675243DE6BA006BB91E /* BadgeButton.swift */ = {isa = PBXFileReference; lastKnownFileType = sourcecode.swift; path = BadgeButton.swift; sourceTree = "<group>"; };
/* End PBXFileReference section */

/* Begin PBXFrameworksBuildPhase section */
		02502649243D76CC006BB91E /* Frameworks */ = {
			isa = PBXFrameworksBuildPhase;
			buildActionMask = 2147483647;
			files = (
			);
			runOnlyForDeploymentPostprocessing = 0;
		};
/* End PBXFrameworksBuildPhase section */

/* Begin PBXGroup section */
		02502643243D76CC006BB91E = {
			isa = PBXGroup;
			children = (
				0250264E243D76CC006BB91E /* Audit House */,
				0250264D243D76CC006BB91E /* Products */,
			);
			sourceTree = "<group>";
		};
		0250264D243D76CC006BB91E /* Products */ = {
			isa = PBXGroup;
			children = (
				0250264C243D76CC006BB91E /* Audit House.app */,
			);
			name = Products;
			sourceTree = "<group>";
		};
		0250264E243D76CC006BB91E /* Audit House */ = {
			isa = PBXGroup;
			children = (
				0250266C243DB08D006BB91E /* Views */,
				0250266D243DB0AC006BB91E /* App Files */,
				02502653243D76CC006BB91E /* ViewController.swift */,
				02502671243DD7CA006BB91E /* ReviewMessageVC.swift */,
				02502655243D76CC006BB91E /* Main.storyboard */,
				02502673243DE030006BB91E /* HomeVC.swift */,
				02502660243D76CD006BB91E /* Info.plist */,
				02502668243D7C88006BB91E /* Constants.swift */,
				02502670243DB0E7006BB91E /* Extensions */,
			);
			path = "Audit House";
			sourceTree = "<group>";
		};
		0250266C243DB08D006BB91E /* Views */ = {
			isa = PBXGroup;
			children = (
				02502666243D7A0B006BB91E /* TextFieldView.swift */,
				0250266A243D9CE0006BB91E /* CheckBox.swift */,
				02502675243DE6BA006BB91E /* BadgeButton.swift */,
			);
			path = Views;
			sourceTree = "<group>";
		};
		0250266D243DB0AC006BB91E /* App Files */ = {
			isa = PBXGroup;
			children = (
				0250264F243D76CC006BB91E /* AppDelegate.swift */,
				02502651243D76CC006BB91E /* SceneDelegate.swift */,
				02502658243D76CC006BB91E /* Audit_House.xcdatamodeld */,
				0250265D243D76CD006BB91E /* LaunchScreen.storyboard */,
				0250265B243D76CD006BB91E /* Assets.xcassets */,
			);
			name = "App Files";
			sourceTree = "<group>";
		};
		02502670243DB0E7006BB91E /* Extensions */ = {
			isa = PBXGroup;
			children = (
				0250266E243DB0E3006BB91E /* UIViewController+Extensions.swift */,
			);
			path = Extensions;
			sourceTree = "<group>";
		};
/* End PBXGroup section */

/* Begin PBXNativeTarget section */
		0250264B243D76CC006BB91E /* Audit House */ = {
			isa = PBXNativeTarget;
			buildConfigurationList = 02502663243D76CD006BB91E /* Build configuration list for PBXNativeTarget "Audit House" */;
			buildPhases = (
				02502648243D76CC006BB91E /* Sources */,
				02502649243D76CC006BB91E /* Frameworks */,
				0250264A243D76CC006BB91E /* Resources */,
			);
			buildRules = (
			);
			dependencies = (
			);
			name = "Audit House";
			productName = "Audit House";
			productReference = 0250264C243D76CC006BB91E /* Audit House.app */;
			productType = "com.apple.product-type.application";
		};
/* End PBXNativeTarget section */

/* Begin PBXProject section */
		02502644243D76CC006BB91E /* Project object */ = {
			isa = PBXProject;
			attributes = {
				LastSwiftUpdateCheck = 1140;
				LastUpgradeCheck = 1140;
				ORGANIZATIONNAME = "Doshaheen Solutions Pvt Ltd";
				TargetAttributes = {
					0250264B243D76CC006BB91E = {
						CreatedOnToolsVersion = 11.4;
					};
				};
			};
			buildConfigurationList = 02502647243D76CC006BB91E /* Build configuration list for PBXProject "Audit House" */;
			compatibilityVersion = "Xcode 9.3";
			developmentRegion = en;
			hasScannedForEncodings = 0;
			knownRegions = (
				en,
				Base,
			);
			mainGroup = 02502643243D76CC006BB91E;
			productRefGroup = 0250264D243D76CC006BB91E /* Products */;
			projectDirPath = "";
			projectRoot = "";
			targets = (
				0250264B243D76CC006BB91E /* Audit House */,
			);
		};
/* End PBXProject section */

/* Begin PBXResourcesBuildPhase section */
		0250264A243D76CC006BB91E /* Resources */ = {
			isa = PBXResourcesBuildPhase;
			buildActionMask = 2147483647;
			files = (
				0250265F243D76CD006BB91E /* LaunchScreen.storyboard in Resources */,
				0250265C243D76CD006BB91E /* Assets.xcassets in Resources */,
				02502657243D76CC006BB91E /* Main.storyboard in Resources */,
			);
			runOnlyForDeploymentPostprocessing = 0;
		};
/* End PBXResourcesBuildPhase section */

/* Begin PBXSourcesBuildPhase section */
		02502648243D76CC006BB91E /* Sources */ = {
			isa = PBXSourcesBuildPhase;
			buildActionMask = 2147483647;
			files = (
				02502672243DD7CA006BB91E /* ReviewMessageVC.swift in Sources */,
				02502674243DE030006BB91E /* HomeVC.swift in Sources */,
				02502654243D76CC006BB91E /* ViewController.swift in Sources */,
				02502667243D7A0B006BB91E /* TextFieldView.swift in Sources */,
				02502650243D76CC006BB91E /* AppDelegate.swift in Sources */,
				0250266B243D9CE0006BB91E /* CheckBox.swift in Sources */,
				0250266F243DB0E3006BB91E /* UIViewController+Extensions.swift in Sources */,
				0250265A243D76CC006BB91E /* Audit_House.xcdatamodeld in Sources */,
				02502652243D76CC006BB91E /* SceneDelegate.swift in Sources */,
				02502669243D7C88006BB91E /* Constants.swift in Sources */,
				02502676243DE6BA006BB91E /* BadgeButton.swift in Sources */,
			);
			runOnlyForDeploymentPostprocessing = 0;
		};
/* End PBXSourcesBuildPhase section */

/* Begin PBXVariantGroup section */
		02502655243D76CC006BB91E /* Main.storyboard */ = {
			isa = PBXVariantGroup;
			children = (
				02502656243D76CC006BB91E /* Base */,
			);
			name = Main.storyboard;
			sourceTree = "<group>";
		};
		0250265D243D76CD006BB91E /* LaunchScreen.storyboard */ = {
			isa = PBXVariantGroup;
			children = (
				0250265E243D76CD006BB91E /* Base */,
			);
			name = LaunchScreen.storyboard;
			sourceTree = "<group>";
		};
/* End PBXVariantGroup section */

/* Begin XCBuildConfiguration section */
		02502661243D76CD006BB91E /* Debug */ = {
			isa = XCBuildConfiguration;
			buildSettings = {
				ALWAYS_SEARCH_USER_PATHS = NO;
				CLANG_ANALYZER_NONNULL = YES;
				CLANG_ANALYZER_NUMBER_OBJECT_CONVERSION = YES_AGGRESSIVE;
				CLANG_CXX_LANGUAGE_STANDARD = "gnu++14";
				CLANG_CXX_LIBRARY = "libc++";
				CLANG_ENABLE_MODULES = YES;
				CLANG_ENABLE_OBJC_ARC = YES;
				CLANG_ENABLE_OBJC_WEAK = YES;
				CLANG_WARN_BLOCK_CAPTURE_AUTORELEASING = YES;
				CLANG_WARN_BOOL_CONVERSION = YES;
				CLANG_WARN_COMMA = YES;
				CLANG_WARN_CONSTANT_CONVERSION = YES;
				CLANG_WARN_DEPRECATED_OBJC_IMPLEMENTATIONS = YES;
				CLANG_WARN_DIRECT_OBJC_ISA_USAGE = YES_ERROR;
				CLANG_WARN_DOCUMENTATION_COMMENTS = YES;
				CLANG_WARN_EMPTY_BODY = YES;
				CLANG_WARN_ENUM_CONVERSION = YES;
				CLANG_WARN_INFINITE_RECURSION = YES;
				CLANG_WARN_INT_CONVERSION = YES;
				CLANG_WARN_NON_LITERAL_NULL_CONVERSION = YES;
				CLANG_WARN_OBJC_IMPLICIT_RETAIN_SELF = YES;
				CLANG_WARN_OBJC_LITERAL_CONVERSION = YES;
				CLANG_WARN_OBJC_ROOT_CLASS = YES_ERROR;
				CLANG_WARN_RANGE_LOOP_ANALYSIS = YES;
				CLANG_WARN_STRICT_PROTOTYPES = YES;
				CLANG_WARN_SUSPICIOUS_MOVE = YES;
				CLANG_WARN_UNGUARDED_AVAILABILITY = YES_AGGRESSIVE;
				CLANG_WARN_UNREACHABLE_CODE = YES;
				CLANG_WARN__DUPLICATE_METHOD_MATCH = YES;
				COPY_PHASE_STRIP = NO;
				DEBUG_INFORMATION_FORMAT = dwarf;
				ENABLE_STRICT_OBJC_MSGSEND = YES;
				ENABLE_TESTABILITY = YES;
				GCC_C_LANGUAGE_STANDARD = gnu11;
				GCC_DYNAMIC_NO_PIC = NO;
				GCC_NO_COMMON_BLOCKS = YES;
				GCC_OPTIMIZATION_LEVEL = 0;
				GCC_PREPROCESSOR_DEFINITIONS = (
					"DEBUG=1",
					"$(inherited)",
				);
				GCC_WARN_64_TO_32_BIT_CONVERSION = YES;
				GCC_WARN_ABOUT_RETURN_TYPE = YES_ERROR;
				GCC_WARN_UNDECLARED_SELECTOR = YES;
				GCC_WARN_UNINITIALIZED_AUTOS = YES_AGGRESSIVE;
				GCC_WARN_UNUSED_FUNCTION = YES;
				GCC_WARN_UNUSED_VARIABLE = YES;
				IPHONEOS_DEPLOYMENT_TARGET = 13.4;
				MTL_ENABLE_DEBUG_INFO = INCLUDE_SOURCE;
				MTL_FAST_MATH = YES;
				ONLY_ACTIVE_ARCH = YES;
				SDKROOT = iphoneos;
				SWIFT_ACTIVE_COMPILATION_CONDITIONS = DEBUG;
				SWIFT_OPTIMIZATION_LEVEL = "-Onone";
			};
			name = Debug;
		};
		02502662243D76CD006BB91E /* Release */ = {
			isa = XCBuildConfiguration;
			buildSettings = {
				ALWAYS_SEARCH_USER_PATHS = NO;
				CLANG_ANALYZER_NONNULL = YES;
				CLANG_ANALYZER_NUMBER_OBJECT_CONVERSION = YES_AGGRESSIVE;
				CLANG_CXX_LANGUAGE_STANDARD = "gnu++14";
				CLANG_CXX_LIBRARY = "libc++";
				CLANG_ENABLE_MODULES = YES;
				CLANG_ENABLE_OBJC_ARC = YES;
				CLANG_ENABLE_OBJC_WEAK = YES;
				CLANG_WARN_BLOCK_CAPTURE_AUTORELEASING = YES;
				CLANG_WARN_BOOL_CONVERSION = YES;
				CLANG_WARN_COMMA = YES;
				CLANG_WARN_CONSTANT_CONVERSION = YES;
				CLANG_WARN_DEPRECATED_OBJC_IMPLEMENTATIONS = YES;
				CLANG_WARN_DIRECT_OBJC_ISA_USAGE = YES_ERROR;
				CLANG_WARN_DOCUMENTATION_COMMENTS = YES;
				CLANG_WARN_EMPTY_BODY = YES;
				CLANG_WARN_ENUM_CONVERSION = YES;
				CLANG_WARN_INFINITE_RECURSION = YES;
				CLANG_WARN_INT_CONVERSION = YES;
				CLANG_WARN_NON_LITERAL_NULL_CONVERSION = YES;
				CLANG_WARN_OBJC_IMPLICIT_RETAIN_SELF = YES;
				CLANG_WARN_OBJC_LITERAL_CONVERSION = YES;
				CLANG_WARN_OBJC_ROOT_CLASS = YES_ERROR;
				CLANG_WARN_RANGE_LOOP_ANALYSIS = YES;
				CLANG_WARN_STRICT_PROTOTYPES = YES;
				CLANG_WARN_SUSPICIOUS_MOVE = YES;
				CLANG_WARN_UNGUARDED_AVAILABILITY = YES_AGGRESSIVE;
				CLANG_WARN_UNREACHABLE_CODE = YES;
				CLANG_WARN__DUPLICATE_METHOD_MATCH = YES;
				COPY_PHASE_STRIP = NO;
				DEBUG_INFORMATION_FORMAT = "dwarf-with-dsym";
				ENABLE_NS_ASSERTIONS = NO;
				ENABLE_STRICT_OBJC_MSGSEND = YES;
				GCC_C_LANGUAGE_STANDARD = gnu11;
				GCC_NO_COMMON_BLOCKS = YES;
				GCC_WARN_64_TO_32_BIT_CONVERSION = YES;
				GCC_WARN_ABOUT_RETURN_TYPE = YES_ERROR;
				GCC_WARN_UNDECLARED_SELECTOR = YES;
				GCC_WARN_UNINITIALIZED_AUTOS = YES_AGGRESSIVE;
				GCC_WARN_UNUSED_FUNCTION = YES;
				GCC_WARN_UNUSED_VARIABLE = YES;
				IPHONEOS_DEPLOYMENT_TARGET = 13.4;
				MTL_ENABLE_DEBUG_INFO = NO;
				MTL_FAST_MATH = YES;
				SDKROOT = iphoneos;
				SWIFT_COMPILATION_MODE = wholemodule;
				SWIFT_OPTIMIZATION_LEVEL = "-O";
				VALIDATE_PRODUCT = YES;
			};
			name = Release;
		};
		02502664243D76CD006BB91E /* Debug */ = {
			isa = XCBuildConfiguration;
			buildSettings = {
				ASSETCATALOG_COMPILER_APPICON_NAME = AppIcon;
				CODE_SIGN_STYLE = Automatic;
				DEVELOPMENT_TEAM = FPGYNW96JS;
				INFOPLIST_FILE = "Audit House/Info.plist";
				LD_RUNPATH_SEARCH_PATHS = (
					"$(inherited)",
					"@executable_path/Frameworks",
				);
				PRODUCT_BUNDLE_IDENTIFIER = "com.doshaheen.Audit-House";
				PRODUCT_NAME = "$(TARGET_NAME)";
				SWIFT_VERSION = 5.0;
				TARGETED_DEVICE_FAMILY = "1,2";
			};
			name = Debug;
		};
		02502665243D76CD006BB91E /* Release */ = {
			isa = XCBuildConfiguration;
			buildSettings = {
				ASSETCATALOG_COMPILER_APPICON_NAME = AppIcon;
				CODE_SIGN_STYLE = Automatic;
				DEVELOPMENT_TEAM = FPGYNW96JS;
				INFOPLIST_FILE = "Audit House/Info.plist";
				LD_RUNPATH_SEARCH_PATHS = (
					"$(inherited)",
					"@executable_path/Frameworks",
				);
				PRODUCT_BUNDLE_IDENTIFIER = "com.doshaheen.Audit-House";
				PRODUCT_NAME = "$(TARGET_NAME)";
				SWIFT_VERSION = 5.0;
				TARGETED_DEVICE_FAMILY = "1,2";
			};
			name = Release;
		};
/* End XCBuildConfiguration section */

/* Begin XCConfigurationList section */
		02502647243D76CC006BB91E /* Build configuration list for PBXProject "Audit House" */ = {
			isa = XCConfigurationList;
			buildConfigurations = (
				02502661243D76CD006BB91E /* Debug */,
				02502662243D76CD006BB91E /* Release */,
			);
			defaultConfigurationIsVisible = 0;
			defaultConfigurationName = Release;
		};
		02502663243D76CD006BB91E /* Build configuration list for PBXNativeTarget "Audit House" */ = {
			isa = XCConfigurationList;
			buildConfigurations = (
				02502664243D76CD006BB91E /* Debug */,
				02502665243D76CD006BB91E /* Release */,
			);
			defaultConfigurationIsVisible = 0;
			defaultConfigurationName = Release;
		};
/* End XCConfigurationList section */

/* Begin XCVersionGroup section */
		02502658243D76CC006BB91E /* Audit_House.xcdatamodeld */ = {
			isa = XCVersionGroup;
			children = (
				02502659243D76CC006BB91E /* Audit_House.xcdatamodel */,
			);
			currentVersion = 02502659243D76CC006BB91E /* Audit_House.xcdatamodel */;
			path = Audit_House.xcdatamodeld;
			sourceTree = "<group>";
			versionGroupType = wrapper.xcdatamodel;
		};
/* End XCVersionGroup section */
	};
	rootObject = 02502644243D76CC006BB91E /* Project object */;
}
